
Microsoft Visual Studio Solution File, Format Version 12.00
# Visual Studio Version 16
VisualStudioVersion = 16.0.810.2
MinimumVisualStudioVersion = 10.0.40219.1
Project("{FAE04EC0-301F-11D3-BF4B-00C04F79EFBC}") = "42-Dias-De-Estudo-C-Sharp", "42-Dias-De-Estudo-C-Sharp.csproj", "{D728D4A4-4945-465D-A950-BA714656FD27}"
EndProject
Global
	GlobalSection(SolutionConfigurationPlatforms) = preSolution
		Debug|Any CPU = Debug|Any CPU
		Release|Any CPU = Release|Any CPU
	EndGlobalSection
	GlobalSection(ProjectConfigurationPlatforms) = postSolution
		{D728D4A4-4945-465D-A950-BA714656FD27}.Debug|Any CPU.ActiveCfg = Debug|Any CPU
		{D728D4A4-4945-465D-A950-BA714656FD27}.Debug|Any CPU.Build.0 = Debug|Any CPU
		{D728D4A4-4945-465D-A950-BA714656FD27}.Release|Any CPU.ActiveCfg = Release|Any CPU
		{D728D4A4-4945-465D-A950-BA714656FD27}.Release|Any CPU.Build.0 = Release|Any CPU
	EndGlobalSection
	GlobalSection(SolutionProperties) = preSolution
		HideSolutionNode = FALSE
	EndGlobalSection
	GlobalSection(ExtensibilityGlobals) = postSolution
		SolutionGuid = {368DCFE7-5DBE-40A5-95C0-439AEEEE2967}
	EndGlobalSection
EndGlobal
