
Microsoft Visual Studio Solution File, Format Version 12.00
# Visual Studio Version 16
VisualStudioVersion = 16.0.31410.357
MinimumVisualStudioVersion = 10.0.40219.1
Project("{FAE04EC0-301F-11D3-BF4B-00C04F79EFBC}") = "produtividade-csharp", "produtividade-csharp\produtividade-csharp.csproj", "{55B32F38-8ED2-40C6-814B-DFCFAC5C4E5F}"
EndProject
Project("{FAE04EC0-301F-11D3-BF4B-00C04F79EFBC}") = "cap02", "cap02\cap02.csproj", "{5CE03F87-CC41-4014-9C22-A6E7EF888351}"
EndProject
Project("{FAE04EC0-301F-11D3-BF4B-00C04F79EFBC}") = "cap03", "cap03\cap03.csproj", "{77BDA1E0-3612-4E2A-93E5-EEC6FA5C13CB}"
EndProject
Global
	GlobalSection(SolutionConfigurationPlatforms) = preSolution
		Debug|Any CPU = Debug|Any CPU
		Release|Any CPU = Release|Any CPU
	EndGlobalSection
	GlobalSection(ProjectConfigurationPlatforms) = postSolution
		{55B32F38-8ED2-40C6-814B-DFCFAC5C4E5F}.Debug|Any CPU.ActiveCfg = Debug|Any CPU
		{55B32F38-8ED2-40C6-814B-DFCFAC5C4E5F}.Debug|Any CPU.Build.0 = Debug|Any CPU
		{55B32F38-8ED2-40C6-814B-DFCFAC5C4E5F}.Release|Any CPU.ActiveCfg = Release|Any CPU
		{55B32F38-8ED2-40C6-814B-DFCFAC5C4E5F}.Release|Any CPU.Build.0 = Release|Any CPU
		{5CE03F87-CC41-4014-9C22-A6E7EF888351}.Debug|Any CPU.ActiveCfg = Debug|Any CPU
		{5CE03F87-CC41-4014-9C22-A6E7EF888351}.Debug|Any CPU.Build.0 = Debug|Any CPU
		{5CE03F87-CC41-4014-9C22-A6E7EF888351}.Release|Any CPU.ActiveCfg = Release|Any CPU
		{5CE03F87-CC41-4014-9C22-A6E7EF888351}.Release|Any CPU.Build.0 = Release|Any CPU
		{77BDA1E0-3612-4E2A-93E5-EEC6FA5C13CB}.Debug|Any CPU.ActiveCfg = Debug|Any CPU
		{77BDA1E0-3612-4E2A-93E5-EEC6FA5C13CB}.Debug|Any CPU.Build.0 = Debug|Any CPU
		{77BDA1E0-3612-4E2A-93E5-EEC6FA5C13CB}.Release|Any CPU.ActiveCfg = Release|Any CPU
		{77BDA1E0-3612-4E2A-93E5-EEC6FA5C13CB}.Release|Any CPU.Build.0 = Release|Any CPU
	EndGlobalSection
	GlobalSection(SolutionProperties) = preSolution
		HideSolutionNode = FALSE
	EndGlobalSection
	GlobalSection(ExtensibilityGlobals) = postSolution
		SolutionGuid = {8DC62F39-5E8F-4594-90B6-9C635679E7F1}
	EndGlobalSection
EndGlobal
