
Microsoft Visual Studio Solution File, Format Version 12.00
# Visual Studio Version 16
VisualStudioVersion = 16.0.810.2
MinimumVisualStudioVersion = 10.0.40219.1
Project("{FAE04EC0-301F-11D3-BF4B-00C04F79EFBC}") = "web-scraping", "web-scraping\web-scraping.csproj", "{791BE9CE-3B80-4581-9FA4-F50EEB3DAC05}"
EndProject
Global
	GlobalSection(SolutionConfigurationPlatforms) = preSolution
		Debug|Any CPU = Debug|Any CPU
		Release|Any CPU = Release|Any CPU
	EndGlobalSection
	GlobalSection(ProjectConfigurationPlatforms) = postSolution
		{791BE9CE-3B80-4581-9FA4-F50EEB3DAC05}.Debug|Any CPU.ActiveCfg = Debug|Any CPU
		{791BE9CE-3B80-4581-9FA4-F50EEB3DAC05}.Debug|Any CPU.Build.0 = Debug|Any CPU
		{791BE9CE-3B80-4581-9FA4-F50EEB3DAC05}.Release|Any CPU.ActiveCfg = Release|Any CPU
		{791BE9CE-3B80-4581-9FA4-F50EEB3DAC05}.Release|Any CPU.Build.0 = Release|Any CPU
	EndGlobalSection
	GlobalSection(SolutionProperties) = preSolution
		HideSolutionNode = FALSE
	EndGlobalSection
	GlobalSection(ExtensibilityGlobals) = postSolution
		SolutionGuid = {2F70E1CC-D72E-4610-8187-0CBAED14A766}
	EndGlobalSection
EndGlobal
